Microsoft Visual Studio Solution File, Format Version 12.00
# Visual Studio Version 17
VisualStudioVersion = 17.5.2.0
MinimumVisualStudioVersion = 10.0.40219.1
Project("{FAE04EC0-301F-11D3-BF4B-00C04F79EFBC}") = "InterviewTest", "InterviewTest.csproj", "{C22B4073-934F-9D4C-8B22-CC56EEFF7779}"
EndProject
Global
	GlobalSection(SolutionConfigurationPlatforms) = preSolution
		Debug|Any CPU = Debug|Any CPU
		Release|Any CPU = Release|Any CPU
	EndGlobalSection
	GlobalSection(ProjectConfigurationPlatforms) = postSolution
		{C22B4073-934F-9D4C-8B22-CC56EEFF7779}.Debug|Any CPU.ActiveCfg = Debug|Any CPU
		{C22B4073-934F-9D4C-8B22-CC56EEFF7779}.Debug|Any CPU.Build.0 = Debug|Any CPU
		{C22B4073-934F-9D4C-8B22-CC56EEFF7779}.Release|Any CPU.ActiveCfg = Release|Any CPU
		{C22B4073-934F-9D4C-8B22-CC56EEFF7779}.Release|Any CPU.Build.0 = Release|Any CPU
	EndGlobalSection
	GlobalSection(SolutionProperties) = preSolution
		HideSolutionNode = FALSE
	EndGlobalSection
	GlobalSection(ExtensibilityGlobals) = postSolution
		SolutionGuid = {68B894DB-1E48-4580-B432-55487752CA11}
	EndGlobalSection
EndGlobal
